
Microsoft Visual Studio Solution File, Format Version 11.00
# Visual Studio 2010
Project("{FAE04EC0-301F-11D3-BF4B-00C04F79EFBC}") = "Assembly-CSharp", "Assembly-CSharp.csproj", "{EB0F535F-4CD2-6B6F-5291-0A88FCAD7EEC}"
EndProject
Global
	GlobalSection(SolutionConfigurationPlatforms) = preSolution
		Debug|Any CPU = Debug|Any CPU
		Release|Any CPU = Release|Any CPU
	EndGlobalSection
	GlobalSection(ProjectConfigurationPlatforms) = postSolution
		{EB0F535F-4CD2-6B6F-5291-0A88FCAD7EEC}.Debug|Any CPU.ActiveCfg = Debug|Any CPU
		{EB0F535F-4CD2-6B6F-5291-0A88FCAD7EEC}.Debug|Any CPU.Build.0 = Debug|Any CPU
		{EB0F535F-4CD2-6B6F-5291-0A88FCAD7EEC}.Release|Any CPU.ActiveCfg = Release|Any CPU
		{EB0F535F-4CD2-6B6F-5291-0A88FCAD7EEC}.Release|Any CPU.Build.0 = Release|Any CPU
	EndGlobalSection
	GlobalSection(SolutionProperties) = preSolution
		HideSolutionNode = FALSE
	EndGlobalSection
EndGlobal
